
Microsoft Visual Studio Solution File, Format Version 12.00
# Visual Studio Version 16
VisualStudioVersion = 16.0.31213.239
MinimumVisualStudioVersion = 10.0.40219.1
Project("{9A19103F-16F7-4668-BE54-9A1E7A4F7556}") = "Html2Article", "src\Html2Article\Html2Article.csproj", "{0EDCFCDB-08FC-43AE-B6BB-BAF8D6EDF61E}"
EndProject
Project("{9A19103F-16F7-4668-BE54-9A1E7A4F7556}") = "Demo", "src\Demo\Demo.csproj", "{7F199520-F681-4BB7-B64F-79F68B1DFA43}"
EndProject
Project("{9A19103F-16F7-4668-BE54-9A1E7A4F7556}") = "Html2Article.Test", "src\Html2Article.Test\Html2Article.Test.csproj", "{AB667490-AB7D-46A7-A0AF-7BA1C49C1CCA}"
EndProject
Global
	GlobalSection(SolutionConfigurationPlatforms) = preSolution
		Debug|Any CPU = Debug|Any CPU
		Debug|Mixed Platforms = Debug|Mixed Platforms
		Debug|x86 = Debug|x86
		Release|Any CPU = Release|Any CPU
		Release|Mixed Platforms = Release|Mixed Platforms
		Release|x86 = Release|x86
	EndGlobalSection
	GlobalSection(ProjectConfigurationPlatforms) = postSolution
		{0EDCFCDB-08FC-43AE-B6BB-BAF8D6EDF61E}.Debug|Any CPU.ActiveCfg = Debug|Any CPU
		{0EDCFCDB-08FC-43AE-B6BB-BAF8D6EDF61E}.Debug|Any CPU.Build.0 = Debug|Any CPU
		{0EDCFCDB-08FC-43AE-B6BB-BAF8D6EDF61E}.Debug|Mixed Platforms.ActiveCfg = Debug|Any CPU
		{0EDCFCDB-08FC-43AE-B6BB-BAF8D6EDF61E}.Debug|Mixed Platforms.Build.0 = Debug|Any CPU
		{0EDCFCDB-08FC-43AE-B6BB-BAF8D6EDF61E}.Debug|x86.ActiveCfg = Debug|Any CPU
		{0EDCFCDB-08FC-43AE-B6BB-BAF8D6EDF61E}.Release|Any CPU.ActiveCfg = Release|Any CPU
		{0EDCFCDB-08FC-43AE-B6BB-BAF8D6EDF61E}.Release|Any CPU.Build.0 = Release|Any CPU
		{0EDCFCDB-08FC-43AE-B6BB-BAF8D6EDF61E}.Release|Mixed Platforms.ActiveCfg = Release|Any CPU
		{0EDCFCDB-08FC-43AE-B6BB-BAF8D6EDF61E}.Release|Mixed Platforms.Build.0 = Release|Any CPU
		{0EDCFCDB-08FC-43AE-B6BB-BAF8D6EDF61E}.Release|x86.ActiveCfg = Release|Any CPU
		{7F199520-F681-4BB7-B64F-79F68B1DFA43}.Debug|Any CPU.ActiveCfg = Debug|x86
		{7F199520-F681-4BB7-B64F-79F68B1DFA43}.Debug|Mixed Platforms.ActiveCfg = Debug|Any CPU
		{7F199520-F681-4BB7-B64F-79F68B1DFA43}.Debug|Mixed Platforms.Build.0 = Debug|Any CPU
		{7F199520-F681-4BB7-B64F-79F68B1DFA43}.Debug|x86.ActiveCfg = Debug|x86
		{7F199520-F681-4BB7-B64F-79F68B1DFA43}.Debug|x86.Build.0 = Debug|x86
		{7F199520-F681-4BB7-B64F-79F68B1DFA43}.Release|Any CPU.ActiveCfg = Release|x86
		{7F199520-F681-4BB7-B64F-79F68B1DFA43}.Release|Mixed Platforms.ActiveCfg = Release|x86
		{7F199520-F681-4BB7-B64F-79F68B1DFA43}.Release|Mixed Platforms.Build.0 = Release|x86
		{7F199520-F681-4BB7-B64F-79F68B1DFA43}.Release|x86.ActiveCfg = Release|x86
		{7F199520-F681-4BB7-B64F-79F68B1DFA43}.Release|x86.Build.0 = Release|x86
		{AB667490-AB7D-46A7-A0AF-7BA1C49C1CCA}.Debug|Any CPU.ActiveCfg = Debug|Any CPU
		{AB667490-AB7D-46A7-A0AF-7BA1C49C1CCA}.Debug|Any CPU.Build.0 = Debug|Any CPU
		{AB667490-AB7D-46A7-A0AF-7BA1C49C1CCA}.Debug|Mixed Platforms.ActiveCfg = Debug|Any CPU
		{AB667490-AB7D-46A7-A0AF-7BA1C49C1CCA}.Debug|Mixed Platforms.Build.0 = Debug|Any CPU
		{AB667490-AB7D-46A7-A0AF-7BA1C49C1CCA}.Debug|x86.ActiveCfg = Debug|Any CPU
		{AB667490-AB7D-46A7-A0AF-7BA1C49C1CCA}.Release|Any CPU.ActiveCfg = Release|Any CPU
		{AB667490-AB7D-46A7-A0AF-7BA1C49C1CCA}.Release|Any CPU.Build.0 = Release|Any CPU
		{AB667490-AB7D-46A7-A0AF-7BA1C49C1CCA}.Release|Mixed Platforms.ActiveCfg = Release|Any CPU
		{AB667490-AB7D-46A7-A0AF-7BA1C49C1CCA}.Release|Mixed Platforms.Build.0 = Release|Any CPU
		{AB667490-AB7D-46A7-A0AF-7BA1C49C1CCA}.Release|x86.ActiveCfg = Release|Any CPU
	EndGlobalSection
	GlobalSection(SolutionProperties) = preSolution
		HideSolutionNode = FALSE
	EndGlobalSection
	GlobalSection(ExtensibilityGlobals) = postSolution
		SolutionGuid = {23F6FE4E-7126-4795-BBBD-0BDAA9F436FA}
	EndGlobalSection
EndGlobal
